
Microsoft Visual Studio Solution File, Format Version 12.00
# Visual Studio Version 17
VisualStudioVersion = 17.9.34607.119
MinimumVisualStudioVersion = 10.0.40219.1
Project("{9A19103F-16F7-4668-BE54-9A1E7A4F7556}") = "TestApp", "TestApp\TestApp.csproj", "{A528FF49-2C89-4AA1-B31B-67C70CF069B9}"
EndProject
Global
	GlobalSection(SolutionConfigurationPlatforms) = preSolution
		Debug|Any CPU = Debug|Any CPU
		Release|Any CPU = Release|Any CPU
	EndGlobalSection
	GlobalSection(ProjectConfigurationPlatforms) = postSolution
		{A528FF49-2C89-4AA1-B31B-67C70CF069B9}.Debug|Any CPU.ActiveCfg = Debug|Any CPU
		{A528FF49-2C89-4AA1-B31B-67C70CF069B9}.Debug|Any CPU.Build.0 = Debug|Any CPU
		{A528FF49-2C89-4AA1-B31B-67C70CF069B9}.Release|Any CPU.ActiveCfg = Release|Any CPU
		{A528FF49-2C89-4AA1-B31B-67C70CF069B9}.Release|Any CPU.Build.0 = Release|Any CPU
	EndGlobalSection
	GlobalSection(SolutionProperties) = preSolution
		HideSolutionNode = FALSE
	EndGlobalSection
	GlobalSection(ExtensibilityGlobals) = postSolution
		SolutionGuid = {3C979ABB-7D49-4904-86B7-1335A93E9668}
	EndGlobalSection
EndGlobal
